// !$*UTF8*$!
{
	archiveVersion = 1;
	classes = {
	};
	objectVersion = 46;
	objects = {

/* Begin PBXBuildFile section */
		3C25475318E60EE400E0D6E7 /* StoreKit.framework in Frameworks */ = {isa = PBXBuildFile; fileRef = 3C25475218E60EE400E0D6E7 /* StoreKit.framework */; };
		3C25475518E60EEF00E0D6E7 /* MessageUI.framework in Frameworks */ = {isa = PBXBuildFile; fileRef = 3C25475418E60EEF00E0D6E7 /* MessageUI.framework */; };
		3C25475718E60F0000E0D6E7 /* SystemConfiguration.framework in Frameworks */ = {isa = PBXBuildFile; fileRef = 3C25475618E60F0000E0D6E7 /* SystemConfiguration.framework */; };
		3C2868FA1E942C0600FE51B2 /* 0A.mp3 in Resources */ = {isa = PBXBuildFile; fileRef = 3C2868A61E942C0600FE51B2 /* 0A.mp3 */; };
		3C2868FB1E942C0600FE51B2 /* 0As.mp3 in Resources */ = {isa = PBXBuildFile; fileRef = 3C2868A71E942C0600FE51B2 /* 0As.mp3 */; };
		3C2868FC1E942C0600FE51B2 /* 0B.mp3 in Resources */ = {isa = PBXBuildFile; fileRef = 3C2868A81E942C0600FE51B2 /* 0B.mp3 */; };
		3C2868FD1E942C0600FE51B2 /* 0C.mp3 in Resources */ = {isa = PBXBuildFile; fileRef = 3C2868A91E942C0600FE51B2 /* 0C.mp3 */; };
		3C2868FE1E942C0600FE51B2 /* 0Cs.mp3 in Resources */ = {isa = PBXBuildFile; fileRef = 3C2868AA1E942C0600FE51B2 /* 0Cs.mp3 */; };
		3C2868FF1E942C0600FE51B2 /* 0D.mp3 in Resources */ = {isa = PBXBuildFile; fileRef = 3C2868AB1E942C0600FE51B2 /* 0D.mp3 */; };
		3C2869001E942C0600FE51B2 /* 0Ds.mp3 in Resources */ = {isa = PBXBuildFile; fileRef = 3C2868AC1E942C0600FE51B2 /* 0Ds.mp3 */; };
		3C2869011E942C0600FE51B2 /* 0E.mp3 in Resources */ = {isa = PBXBuildFile; fileRef = 3C2868AD1E942C0600FE51B2 /* 0E.mp3 */; };
		3C2869021E942C0600FE51B2 /* 0F.mp3 in Resources */ = {isa = PBXBuildFile; fileRef = 3C2868AE1E942C0600FE51B2 /* 0F.mp3 */; };
		3C2869031E942C0600FE51B2 /* 0Fs.mp3 in Resources */ = {isa = PBXBuildFile; fileRef = 3C2868AF1E942C0600FE51B2 /* 0Fs.mp3 */; };
		3C2869041E942C0600FE51B2 /* 0G.mp3 in Resources */ = {isa = PBXBuildFile; fileRef = 3C2868B01E942C0600FE51B2 /* 0G.mp3 */; };
		3C2869051E942C0600FE51B2 /* 0Gs.mp3 in Resources */ = {isa = PBXBuildFile; fileRef = 3C2868B11E942C0600FE51B2 /* 0Gs.mp3 */; };
		3C2869061E942C0600FE51B2 /* 1A.mp3 in Resources */ = {isa = PBXBuildFile; fileRef = 3C2868B21E942C0600FE51B2 /* 1A.mp3 */; };
		3C2869071E942C0600FE51B2 /* 1As.mp3 in Resources */ = {isa = PBXBuildFile; fileRef = 3C2868B31E942C0600FE51B2 /* 1As.mp3 */; };
		3C2869081E942C0600FE51B2 /* 1B.mp3 in Resources */ = {isa = PBXBuildFile; fileRef = 3C2868B41E942C0600FE51B2 /* 1B.mp3 */; };
		3C2869091E942C0600FE51B2 /* 1C.mp3 in Resources */ = {isa = PBXBuildFile; fileRef = 3C2868B51E942C0600FE51B2 /* 1C.mp3 */; };
		3C28690A1E942C0600FE51B2 /* 1Cs.mp3 in Resources */ = {isa = PBXBuildFile; fileRef = 3C2868B61E942C0600FE51B2 /* 1Cs.mp3 */; };
		3C28690B1E942C0600FE51B2 /* 1D.mp3 in Resources */ = {isa = PBXBuildFile; fileRef = 3C2868B71E942C0600FE51B2 /* 1D.mp3 */; };
		3C28690C1E942C0600FE51B2 /* 1Ds.mp3 in Resources */ = {isa = PBXBuildFile; fileRef = 3C2868B81E942C0600FE51B2 /* 1Ds.mp3 */; };
		3C28690D1E942C0600FE51B2 /* 1E.mp3 in Resources */ = {isa = PBXBuildFile; fileRef = 3C2868B91E942C0600FE51B2 /* 1E.mp3 */; };
		3C28690E1E942C0600FE51B2 /* 1F.mp3 in Resources */ = {isa = PBXBuildFile; fileRef = 3C2868BA1E942C0600FE51B2 /* 1F.mp3 */; };
		3C28690F1E942C0600FE51B2 /* 1Fs.mp3 in Resources */ = {isa = PBXBuildFile; fileRef = 3C2868BB1E942C0600FE51B2 /* 1Fs.mp3 */; };
		3C2869101E942C0600FE51B2 /* 1G.mp3 in Resources */ = {isa = PBXBuildFile; fileRef = 3C2868BC1E942C0600FE51B2 /* 1G.mp3 */; };
		3C2869111E942C0600FE51B2 /* 1Gs.mp3 in Resources */ = {isa = PBXBuildFile; fileRef = 3C2868BD1E942C0600FE51B2 /* 1Gs.mp3 */; };
		3C2869121E942C0600FE51B2 /* 2A.mp3 in Resources */ = {isa = PBXBuildFile; fileRef = 3C2868BE1E942C0600FE51B2 /* 2A.mp3 */; };
		3C2869131E942C0600FE51B2 /* 2As.mp3 in Resources */ = {isa = PBXBuildFile; fileRef = 3C2868BF1E942C0600FE51B2 /* 2As.mp3 */; };
		3C2869141E942C0600FE51B2 /* 2B.mp3 in Resources */ = {isa = PBXBuildFile; fileRef = 3C2868C01E942C0600FE51B2 /* 2B.mp3 */; };
		3C2869151E942C0600FE51B2 /* 2C.mp3 in Resources */ = {isa = PBXBuildFile; fileRef = 3C2868C11E942C0600FE51B2 /* 2C.mp3 */; };
		3C2869161E942C0600FE51B2 /* 2Cs.mp3 in Resources */ = {isa = PBXBuildFile; fileRef = 3C2868C21E942C0600FE51B2 /* 2Cs.mp3 */; };
		3C2869171E942C0600FE51B2 /* 2D.mp3 in Resources */ = {isa = PBXBuildFile; fileRef = 3C2868C31E942C0600FE51B2 /* 2D.mp3 */; };
		3C2869181E942C0600FE51B2 /* 2Ds.mp3 in Resources */ = {isa = PBXBuildFile; fileRef = 3C2868C41E942C0600FE51B2 /* 2Ds.mp3 */; };
		3C2869191E942C0600FE51B2 /* 2E.mp3 in Resources */ = {isa = PBXBuildFile; fileRef = 3C2868C51E942C0600FE51B2 /* 2E.mp3 */; };
		3C28691A1E942C0600FE51B2 /* 2F.mp3 in Resources */ = {isa = PBXBuildFile; fileRef = 3C2868C61E942C0600FE51B2 /* 2F.mp3 */; };
		3C28691B1E942C0600FE51B2 /* 2Fs.mp3 in Resources */ = {isa = PBXBuildFile; fileRef = 3C2868C71E942C0600FE51B2 /* 2Fs.mp3 */; };
		3C28691C1E942C0600FE51B2 /* 2G.mp3 in Resources */ = {isa = PBXBuildFile; fileRef = 3C2868C81E942C0600FE51B2 /* 2G.mp3 */; };
		3C28691D1E942C0600FE51B2 /* 2Gs.mp3 in Resources */ = {isa = PBXBuildFile; fileRef = 3C2868C91E942C0600FE51B2 /* 2Gs.mp3 */; };
		3C28691E1E942C0600FE51B2 /* 3A.mp3 in Resources */ = {isa = PBXBuildFile; fileRef = 3C2868CA1E942C0600FE51B2 /* 3A.mp3 */; };
		3C28691F1E942C0600FE51B2 /* 3As.mp3 in Resources */ = {isa = PBXBuildFile; fileRef = 3C2868CB1E942C0600FE51B2 /* 3As.mp3 */; };
		3C2869201E942C0600FE51B2 /* 3B.mp3 in Resources */ = {isa = PBXBuildFile; fileRef = 3C2868CC1E942C0600FE51B2 /* 3B.mp3 */; };
		3C2869211E942C0600FE51B2 /* 3C.mp3 in Resources */ = {isa = PBXBuildFile; fileRef = 3C2868CD1E942C0600FE51B2 /* 3C.mp3 */; };
		3C2869221E942C0600FE51B2 /* 3Cs.mp3 in Resources */ = {isa = PBXBuildFile; fileRef = 3C2868CE1E942C0600FE51B2 /* 3Cs.mp3 */; };
		3C2869231E942C0600FE51B2 /* 3D.mp3 in Resources */ = {isa = PBXBuildFile; fileRef = 3C2868CF1E942C0600FE51B2 /* 3D.mp3 */; };
		3C2869241E942C0600FE51B2 /* 3Ds.mp3 in Resources */ = {isa = PBXBuildFile; fileRef = 3C2868D01E942C0600FE51B2 /* 3Ds.mp3 */; };
		3C2869251E942C0600FE51B2 /* 3E.mp3 in Resources */ = {isa = PBXBuildFile; fileRef = 3C2868D11E942C0600FE51B2 /* 3E.mp3 */; };
		3C2869261E942C0600FE51B2 /* 3F.mp3 in Resources */ = {isa = PBXBuildFile; fileRef = 3C2868D21E942C0600FE51B2 /* 3F.mp3 */; };
		3C2869271E942C0600FE51B2 /* 3Fs.mp3 in Resources */ = {isa = PBXBuildFile; fileRef = 3C2868D31E942C0600FE51B2 /* 3Fs.mp3 */; };
		3C2869281E942C0600FE51B2 /* 3G.mp3 in Resources */ = {isa = PBXBuildFile; fileRef = 3C2868D41E942C0600FE51B2 /* 3G.mp3 */; };
		3C2869291E942C0600FE51B2 /* 3Gs.mp3 in Resources */ = {isa = PBXBuildFile; fileRef = 3C2868D51E942C0600FE51B2 /* 3Gs.mp3 */; };
		3C28692A1E942C0600FE51B2 /* 4A.mp3 in Resources */ = {isa = PBXBuildFile; fileRef = 3C2868D61E942C0600FE51B2 /* 4A.mp3 */; };
		3C28692B1E942C0600FE51B2 /* 4As.mp3 in Resources */ = {isa = PBXBuildFile; fileRef = 3C2868D71E942C0600FE51B2 /* 4As.mp3 */; };
		3C28692C1E942C0600FE51B2 /* 4B.mp3 in Resources */ = {isa = PBXBuildFile; fileRef = 3C2868D81E942C0600FE51B2 /* 4B.mp3 */; };
		3C28692D1E942C0600FE51B2 /* 4C.mp3 in Resources */ = {isa = PBXBuildFile; fileRef = 3C2868D91E942C0600FE51B2 /* 4C.mp3 */; };
		3C28692E1E942C0600FE51B2 /* 4Cs.mp3 in Resources */ = {isa = PBXBuildFile; fileRef = 3C2868DA1E942C0600FE51B2 /* 4Cs.mp3 */; };
		3C28692F1E942C0600FE51B2 /* 4D.mp3 in Resources */ = {isa = PBXBuildFile; fileRef = 3C2868DB1E942C0600FE51B2 /* 4D.mp3 */; };
		3C2869301E942C0600FE51B2 /* 4Ds.mp3 in Resources */ = {isa = PBXBuildFile; fileRef = 3C2868DC1E942C0600FE51B2 /* 4Ds.mp3 */; };
		3C2869311E942C0600FE51B2 /* 4E.mp3 in Resources */ = {isa = PBXBuildFile; fileRef = 3C2868DD1E942C0600FE51B2 /* 4E.mp3 */; };
		3C2869321E942C0600FE51B2 /* 4F.mp3 in Resources */ = {isa = PBXBuildFile; fileRef = 3C2868DE1E942C0600FE51B2 /* 4F.mp3 */; };
		3C2869331E942C0600FE51B2 /* 4Fs.mp3 in Resources */ = {isa = PBXBuildFile; fileRef = 3C2868DF1E942C0600FE51B2 /* 4Fs.mp3 */; };
		3C2869341E942C0600FE51B2 /* 4G.mp3 in Resources */ = {isa = PBXBuildFile; fileRef = 3C2868E01E942C0600FE51B2 /* 4G.mp3 */; };
		3C2869351E942C0600FE51B2 /* 4Gs.mp3 in Resources */ = {isa = PBXBuildFile; fileRef = 3C2868E11E942C0600FE51B2 /* 4Gs.mp3 */; };
		3C2869361E942C0600FE51B2 /* 5A.mp3 in Resources */ = {isa = PBXBuildFile; fileRef = 3C2868E21E942C0600FE51B2 /* 5A.mp3 */; };
		3C2869371E942C0600FE51B2 /* 5As.mp3 in Resources */ = {isa = PBXBuildFile; fileRef = 3C2868E31E942C0600FE51B2 /* 5As.mp3 */; };
		3C2869381E942C0600FE51B2 /* 5B.mp3 in Resources */ = {isa = PBXBuildFile; fileRef = 3C2868E41E942C0600FE51B2 /* 5B.mp3 */; };
		3C2869391E942C0600FE51B2 /* 5C.mp3 in Resources */ = {isa = PBXBuildFile; fileRef = 3C2868E51E942C0600FE51B2 /* 5C.mp3 */; };
		3C28693A1E942C0600FE51B2 /* 5Cs.mp3 in Resources */ = {isa = PBXBuildFile; fileRef = 3C2868E61E942C0600FE51B2 /* 5Cs.mp3 */; };
		3C28693B1E942C0600FE51B2 /* 5D.mp3 in Resources */ = {isa = PBXBuildFile; fileRef = 3C2868E71E942C0600FE51B2 /* 5D.mp3 */; };
		3C28693C1E942C0600FE51B2 /* 5Ds.mp3 in Resources */ = {isa = PBXBuildFile; fileRef = 3C2868E81E942C0600FE51B2 /* 5Ds.mp3 */; };
		3C28693D1E942C0600FE51B2 /* 5E.mp3 in Resources */ = {isa = PBXBuildFile; fileRef = 3C2868E91E942C0600FE51B2 /* 5E.mp3 */; };
		3C28693E1E942C0600FE51B2 /* 5F.mp3 in Resources */ = {isa = PBXBuildFile; fileRef = 3C2868EA1E942C0600FE51B2 /* 5F.mp3 */; };
		3C28693F1E942C0600FE51B2 /* 5Fs.mp3 in Resources */ = {isa = PBXBuildFile; fileRef = 3C2868EB1E942C0600FE51B2 /* 5Fs.mp3 */; };
		3C2869401E942C0600FE51B2 /* 5G.mp3 in Resources */ = {isa = PBXBuildFile; fileRef = 3C2868EC1E942C0600FE51B2 /* 5G.mp3 */; };
		3C2869411E942C0600FE51B2 /* 5Gs.mp3 in Resources */ = {isa = PBXBuildFile; fileRef = 3C2868ED1E942C0600FE51B2 /* 5Gs.mp3 */; };
		3C2869421E942C0600FE51B2 /* 6A.mp3 in Resources */ = {isa = PBXBuildFile; fileRef = 3C2868EE1E942C0600FE51B2 /* 6A.mp3 */; };
		3C2869431E942C0600FE51B2 /* 6As.mp3 in Resources */ = {isa = PBXBuildFile; fileRef = 3C2868EF1E942C0600FE51B2 /* 6As.mp3 */; };
		3C2869441E942C0600FE51B2 /* 6B.mp3 in Resources */ = {isa = PBXBuildFile; fileRef = 3C2868F01E942C0600FE51B2 /* 6B.mp3 */; };
		3C2869451E942C0600FE51B2 /* 6C.mp3 in Resources */ = {isa = PBXBuildFile; fileRef = 3C2868F11E942C0600FE51B2 /* 6C.mp3 */; };
		3C2869461E942C0600FE51B2 /* 6Cs.mp3 in Resources */ = {isa = PBXBuildFile; fileRef = 3C2868F21E942C0600FE51B2 /* 6Cs.mp3 */; };
		3C2869471E942C0600FE51B2 /* 6D.mp3 in Resources */ = {isa = PBXBuildFile; fileRef = 3C2868F31E942C0600FE51B2 /* 6D.mp3 */; };
		3C2869481E942C0600FE51B2 /* 6Ds.mp3 in Resources */ = {isa = PBXBuildFile; fileRef = 3C2868F41E942C0600FE51B2 /* 6Ds.mp3 */; };
		3C2869491E942C0600FE51B2 /* 6E.mp3 in Resources */ = {isa = PBXBuildFile; fileRef = 3C2868F51E942C0600FE51B2 /* 6E.mp3 */; };
		3C28694A1E942C0600FE51B2 /* 6F.mp3 in Resources */ = {isa = PBXBuildFile; fileRef = 3C2868F61E942C0600FE51B2 /* 6F.mp3 */; };
		3C28694B1E942C0600FE51B2 /* 6Fs.mp3 in Resources */ = {isa = PBXBuildFile; fileRef = 3C2868F71E942C0600FE51B2 /* 6Fs.mp3 */; };
		3C28694C1E942C0600FE51B2 /* 6G.mp3 in Resources */ = {isa = PBXBuildFile; fileRef = 3C2868F81E942C0600FE51B2 /* 6G.mp3 */; };
		3C28694D1E942C0600FE51B2 /* 6Gs.mp3 in Resources */ = {isa = PBXBuildFile; fileRef = 3C2868F91E942C0600FE51B2 /* 6Gs.mp3 */; };
		3C89CBFF18E826AA005BAAEE /* MainStoryboard_iPhone5.storyboard in Resources */ = {isa = PBXBuildFile; fileRef = 3C89CBFE18E826AA005BAAEE /* MainStoryboard_iPhone5.storyboard */; };
		3CBC82F318F89E2300C48329 /* UIColor+CrossFade.m in Sources */ = {isa = PBXBuildFile; fileRef = 3CBC82F218F89E2300C48329 /* UIColor+CrossFade.m */; };
		3CC70FC118D7CE050031F46C /* Foundation.framework in Frameworks */ = {isa = PBXBuildFile; fileRef = 3CC70FC018D7CE050031F46C /* Foundation.framework */; };
		3CC70FC318D7CE050031F46C /* CoreGraphics.framework in Frameworks */ = {isa = PBXBuildFile; fileRef = 3CC70FC218D7CE050031F46C /* CoreGraphics.framework */; };
		3CC70FC518D7CE050031F46C /* UIKit.framework in Frameworks */ = {isa = PBXBuildFile; fileRef = 3CC70FC418D7CE050031F46C /* UIKit.framework */; };
		3CC70FCB18D7CE050031F46C /* InfoPlist.strings in Resources */ = {isa = PBXBuildFile; fileRef = 3CC70FC918D7CE050031F46C /* InfoPlist.strings */; };
		3CC70FCD18D7CE050031F46C /* main.m in Sources */ = {isa = PBXBuildFile; fileRef = 3CC70FCC18D7CE050031F46C /* main.m */; };
		3CC70FD118D7CE050031F46C /* AppDelegate.m in Sources */ = {isa = PBXBuildFile; fileRef = 3CC70FD018D7CE050031F46C /* AppDelegate.m */; };
		3CC70FD418D7CE050031F46C /* MainStoryboard_iPad.storyboard in Resources */ = {isa = PBXBuildFile; fileRef = 3CC70FD218D7CE050031F46C /* MainStoryboard_iPad.storyboard */; };
		3CC70FD718D7CE050031F46C /* ViewController.m in Sources */ = {isa = PBXBuildFile; fileRef = 3CC70FD618D7CE050031F46C /* ViewController.m */; };
		3CC70FE018D7CE050031F46C /* XCTest.framework in Frameworks */ = {isa = PBXBuildFile; fileRef = 3CC70FDF18D7CE050031F46C /* XCTest.framework */; };
		3CC70FE118D7CE050031F46C /* Foundation.framework in Frameworks */ = {isa = PBXBuildFile; fileRef = 3CC70FC018D7CE050031F46C /* Foundation.framework */; };
		3CC70FE218D7CE050031F46C /* UIKit.framework in Frameworks */ = {isa = PBXBuildFile; fileRef = 3CC70FC418D7CE050031F46C /* UIKit.framework */; };
		3CC70FEA18D7CE050031F46C /* InfoPlist.strings in Resources */ = {isa = PBXBuildFile; fileRef = 3CC70FE818D7CE050031F46C /* InfoPlist.strings */; };
		3CC70FEC18D7CE050031F46C /* soundsTests.m in Sources */ = {isa = PBXBuildFile; fileRef = 3CC70FEB18D7CE050031F46C /* soundsTests.m */; };
		3CC7100218D7D1340031F46C /* black.png in Resources */ = {isa = PBXBuildFile; fileRef = 3CC70FF918D7D1340031F46C /* black.png */; };
		3CC7100318D7D1340031F46C /* bluey.png in Resources */ = {isa = PBXBuildFile; fileRef = 3CC70FFA18D7D1340031F46C /* bluey.png */; };
		3CC7100418D7D1340031F46C /* browny.png in Resources */ = {isa = PBXBuildFile; fileRef = 3CC70FFB18D7D1340031F46C /* browny.png */; };
		3CC7100518D7D1340031F46C /* button.png in Resources */ = {isa = PBXBuildFile; fileRef = 3CC70FFC18D7D1340031F46C /* button.png */; };
		3CC7100618D7D1340031F46C /* green.png in Resources */ = {isa = PBXBuildFile; fileRef = 3CC70FFD18D7D1340031F46C /* green.png */; };
		3CC7100718D7D1340031F46C /* grey.png in Resources */ = {isa = PBXBuildFile; fileRef = 3CC70FFE18D7D1340031F46C /* grey.png */; };
		3CC7100818D7D1340031F46C /* orange.png in Resources */ = {isa = PBXBuildFile; fileRef = 3CC70FFF18D7D1340031F46C /* orange.png */; };
		3CC7100918D7D1340031F46C /* purple.png in Resources */ = {isa = PBXBuildFile; fileRef = 3CC7100018D7D1340031F46C /* purple.png */; };
		3CC7100A18D7D1340031F46C /* red.png in Resources */ = {isa = PBXBuildFile; fileRef = 3CC7100118D7D1340031F46C /* red.png */; };
		3CC7101D18D7DDE50031F46C /* AudioToolbox.framework in Frameworks */ = {isa = PBXBuildFile; fileRef = 3CC7101C18D7DDE50031F46C /* AudioToolbox.framework */; };
		3CC7101F18D7DE000031F46C /* AVFoundation.framework in Frameworks */ = {isa = PBXBuildFile; fileRef = 3CC7101E18D7DE000031F46C /* AVFoundation.framework */; };
		3CC710F818DA4D770031F46C /* gold.png in Resources */ = {isa = PBXBuildFile; fileRef = 3CC710F718DA4D770031F46C /* gold.png */; };
		3CC710FB18DA4DA90031F46C /* pink.png in Resources */ = {isa = PBXBuildFile; fileRef = 3CC710F918DA4DA90031F46C /* pink.png */; };
		3CC710FC18DA4DA90031F46C /* yellow.png in Resources */ = {isa = PBXBuildFile; fileRef = 3CC710FA18DA4DA90031F46C /* yellow.png */; };
		3CCBDA3C18EB6E3000D899D1 /* Images.xcassets in Resources */ = {isa = PBXBuildFile; fileRef = 3CCBDA3B18EB6E3000D899D1 /* Images.xcassets */; };
		3CE6EA3318EB726900A054F9 /* Icons.xcassets in Resources */ = {isa = PBXBuildFile; fileRef = 3CE6EA3218EB726900A054F9 /* Icons.xcassets */; };
		3CE6EA3718EB7E2500A054F9 /* MainStoryboard_iPhone.storyboard in Resources */ = {isa = PBXBuildFile; fileRef = 3CE6EA3618EB7E2500A054F9 /* MainStoryboard_iPhone.storyboard */; };
/* End PBXBuildFile section */

/* Begin PBXContainerItemProxy section */
		3CC70FE318D7CE050031F46C /* PBXContainerItemProxy */ = {
			isa = PBXContainerItemProxy;
			containerPortal = 3CC70FB518D7CE050031F46C /* Project object */;
			proxyType = 1;
			remoteGlobalIDString = 3CC70FBC18D7CE050031F46C;
			remoteInfo = sounds;
		};
/* End PBXContainerItemProxy section */

/* Begin PBXFileReference section */
		3C25475218E60EE400E0D6E7 /* StoreKit.framework */ = {isa = PBXFileReference; lastKnownFileType = wrapper.framework; name = StoreKit.framework; path = System/Library/Frameworks/StoreKit.framework; sourceTree = SDKROOT; };
		3C25475418E60EEF00E0D6E7 /* MessageUI.framework */ = {isa = PBXFileReference; lastKnownFileType = wrapper.framework; name = MessageUI.framework; path = System/Library/Frameworks/MessageUI.framework; sourceTree = SDKROOT; };
		3C25475618E60F0000E0D6E7 /* SystemConfiguration.framework */ = {isa = PBXFileReference; lastKnownFileType = wrapper.framework; name = SystemConfiguration.framework; path = System/Library/Frameworks/SystemConfiguration.framework; sourceTree = SDKROOT; };
		3C2868A61E942C0600FE51B2 /* 0A.mp3 */ = {isa = PBXFileReference; lastKnownFileType = audio.mp3; path = 0A.mp3; sourceTree = "<group>"; };
		3C2868A71E942C0600FE51B2 /* 0As.mp3 */ = {isa = PBXFileReference; lastKnownFileType = audio.mp3; path = 0As.mp3; sourceTree = "<group>"; };
		3C2868A81E942C0600FE51B2 /* 0B.mp3 */ = {isa = PBXFileReference; lastKnownFileType = audio.mp3; path = 0B.mp3; sourceTree = "<group>"; };
		3C2868A91E942C0600FE51B2 /* 0C.mp3 */ = {isa = PBXFileReference; lastKnownFileType = audio.mp3; path = 0C.mp3; sourceTree = "<group>"; };
		3C2868AA1E942C0600FE51B2 /* 0Cs.mp3 */ = {isa = PBXFileReference; lastKnownFileType = audio.mp3; path = 0Cs.mp3; sourceTree = "<group>"; };
		3C2868AB1E942C0600FE51B2 /* 0D.mp3 */ = {isa = PBXFileReference; lastKnownFileType = audio.mp3; path = 0D.mp3; sourceTree = "<group>"; };
		3C2868AC1E942C0600FE51B2 /* 0Ds.mp3 */ = {isa = PBXFileReference; lastKnownFileType = audio.mp3; path = 0Ds.mp3; sourceTree = "<group>"; };
		3C2868AD1E942C0600FE51B2 /* 0E.mp3 */ = {isa = PBXFileReference; lastKnownFileType = audio.mp3; path = 0E.mp3; sourceTree = "<group>"; };
		3C2868AE1E942C0600FE51B2 /* 0F.mp3 */ = {isa = PBXFileReference; lastKnownFileType = audio.mp3; path = 0F.mp3; sourceTree = "<group>"; };
		3C2868AF1E942C0600FE51B2 /* 0Fs.mp3 */ = {isa = PBXFileReference; lastKnownFileType = audio.mp3; path = 0Fs.mp3; sourceTree = "<group>"; };
		3C2868B01E942C0600FE51B2 /* 0G.mp3 */ = {isa = PBXFileReference; lastKnownFileType = audio.mp3; path = 0G.mp3; sourceTree = "<group>"; };
		3C2868B11E942C0600FE51B2 /* 0Gs.mp3 */ = {isa = PBXFileReference; lastKnownFileType = audio.mp3; path = 0Gs.mp3; sourceTree = "<group>"; };
		3C2868B21E942C0600FE51B2 /* 1A.mp3 */ = {isa = PBXFileReference; lastKnownFileType = audio.mp3; path = 1A.mp3; sourceTree = "<group>"; };
		3C2868B31E942C0600FE51B2 /* 1As.mp3 */ = {isa = PBXFileReference; lastKnownFileType = audio.mp3; path = 1As.mp3; sourceTree = "<group>"; };
		3C2868B41E942C0600FE51B2 /* 1B.mp3 */ = {isa = PBXFileReference; lastKnownFileType = audio.mp3; path = 1B.mp3; sourceTree = "<group>"; };
		3C2868B51E942C0600FE51B2 /* 1C.mp3 */ = {isa = PBXFileReference; lastKnownFileType = audio.mp3; path = 1C.mp3; sourceTree = "<group>"; };
		3C2868B61E942C0600FE51B2 /* 1Cs.mp3 */ = {isa = PBXFileReference; lastKnownFileType = audio.mp3; path = 1Cs.mp3; sourceTree = "<group>"; };
		3C2868B71E942C0600FE51B2 /* 1D.mp3 */ = {isa = PBXFileReference; lastKnownFileType = audio.mp3; path = 1D.mp3; sourceTree = "<group>"; };
		3C2868B81E942C0600FE51B2 /* 1Ds.mp3 */ = {isa = PBXFileReference; lastKnownFileType = audio.mp3; path = 1Ds.mp3; sourceTree = "<group>"; };
		3C2868B91E942C0600FE51B2 /* 1E.mp3 */ = {isa = PBXFileReference; lastKnownFileType = audio.mp3; path = 1E.mp3; sourceTree = "<group>"; };
		3C2868BA1E942C0600FE51B2 /* 1F.mp3 */ = {isa = PBXFileReference; lastKnownFileType = audio.mp3; path = 1F.mp3; sourceTree = "<group>"; };
		3C2868BB1E942C0600FE51B2 /* 1Fs.mp3 */ = {isa = PBXFileReference; lastKnownFileType = audio.mp3; path = 1Fs.mp3; sourceTree = "<group>"; };
		3C2868BC1E942C0600FE51B2 /* 1G.mp3 */ = {isa = PBXFileReference; lastKnownFileType = audio.mp3; path = 1G.mp3; sourceTree = "<group>"; };
		3C2868BD1E942C0600FE51B2 /* 1Gs.mp3 */ = {isa = PBXFileReference; lastKnownFileType = audio.mp3; path = 1Gs.mp3; sourceTree = "<group>"; };
		3C2868BE1E942C0600FE51B2 /* 2A.mp3 */ = {isa = PBXFileReference; lastKnownFileType = audio.mp3; path = 2A.mp3; sourceTree = "<group>"; };
		3C2868BF1E942C0600FE51B2 /* 2As.mp3 */ = {isa = PBXFileReference; lastKnownFileType = audio.mp3; path = 2As.mp3; sourceTree = "<group>"; };
		3C2868C01E942C0600FE51B2 /* 2B.mp3 */ = {isa = PBXFileReference; lastKnownFileType = audio.mp3; path = 2B.mp3; sourceTree = "<group>"; };
		3C2868C11E942C0600FE51B2 /* 2C.mp3 */ = {isa = PBXFileReference; lastKnownFileType = audio.mp3; path = 2C.mp3; sourceTree = "<group>"; };
		3C2868C21E942C0600FE51B2 /* 2Cs.mp3 */ = {isa = PBXFileReference; lastKnownFileType = audio.mp3; path = 2Cs.mp3; sourceTree = "<group>"; };
		3C2868C31E942C0600FE51B2 /* 2D.mp3 */ = {isa = PBXFileReference; lastKnownFileType = audio.mp3; path = 2D.mp3; sourceTree = "<group>"; };
		3C2868C41E942C0600FE51B2 /* 2Ds.mp3 */ = {isa = PBXFileReference; lastKnownFileType = audio.mp3; path = 2Ds.mp3; sourceTree = "<group>"; };
		3C2868C51E942C0600FE51B2 /* 2E.mp3 */ = {isa = PBXFileReference; lastKnownFileType = audio.mp3; path = 2E.mp3; sourceTree = "<group>"; };
		3C2868C61E942C0600FE51B2 /* 2F.mp3 */ = {isa = PBXFileReference; lastKnownFileType = audio.mp3; path = 2F.mp3; sourceTree = "<group>"; };
		3C2868C71E942C0600FE51B2 /* 2Fs.mp3 */ = {isa = PBXFileReference; lastKnownFileType = audio.mp3; path = 2Fs.mp3; sourceTree = "<group>"; };
		3C2868C81E942C0600FE51B2 /* 2G.mp3 */ = {isa = PBXFileReference; lastKnownFileType = audio.mp3; path = 2G.mp3; sourceTree = "<group>"; };
		3C2868C91E942C0600FE51B2 /* 2Gs.mp3 */ = {isa = PBXFileReference; lastKnownFileType = audio.mp3; path = 2Gs.mp3; sourceTree = "<group>"; };
		3C2868CA1E942C0600FE51B2 /* 3A.mp3 */ = {isa = PBXFileReference; lastKnownFileType = audio.mp3; path = 3A.mp3; sourceTree = "<group>"; };
		3C2868CB1E942C0600FE51B2 /* 3As.mp3 */ = {isa = PBXFileReference; lastKnownFileType = audio.mp3; path = 3As.mp3; sourceTree = "<group>"; };
		3C2868CC1E942C0600FE51B2 /* 3B.mp3 */ = {isa = PBXFileReference; lastKnownFileType = audio.mp3; path = 3B.mp3; sourceTree = "<group>"; };
		3C2868CD1E942C0600FE51B2 /* 3C.mp3 */ = {isa = PBXFileReference; lastKnownFileType = audio.mp3; path = 3C.mp3; sourceTree = "<group>"; };
		3C2868CE1E942C0600FE51B2 /* 3Cs.mp3 */ = {isa = PBXFileReference; lastKnownFileType = audio.mp3; path = 3Cs.mp3; sourceTree = "<group>"; };
		3C2868CF1E942C0600FE51B2 /* 3D.mp3 */ = {isa = PBXFileReference; lastKnownFileType = audio.mp3; path = 3D.mp3; sourceTree = "<group>"; };
		3C2868D01E942C0600FE51B2 /* 3Ds.mp3 */ = {isa = PBXFileReference; lastKnownFileType = audio.mp3; path = 3Ds.mp3; sourceTree = "<group>"; };
		3C2868D11E942C0600FE51B2 /* 3E.mp3 */ = {isa = PBXFileReference; lastKnownFileType = audio.mp3; path = 3E.mp3; sourceTree = "<group>"; };
		3C2868D21E942C0600FE51B2 /* 3F.mp3 */ = {isa = PBXFileReference; lastKnownFileType = audio.mp3; path = 3F.mp3; sourceTree = "<group>"; };
		3C2868D31E942C0600FE51B2 /* 3Fs.mp3 */ = {isa = PBXFileReference; lastKnownFileType = audio.mp3; path = 3Fs.mp3; sourceTree = "<group>"; };
		3C2868D41E942C0600FE51B2 /* 3G.mp3 */ = {isa = PBXFileReference; lastKnownFileType = audio.mp3; path = 3G.mp3; sourceTree = "<group>"; };
		3C2868D51E942C0600FE51B2 /* 3Gs.mp3 */ = {isa = PBXFileReference; lastKnownFileType = audio.mp3; path = 3Gs.mp3; sourceTree = "<group>"; };
		3C2868D61E942C0600FE51B2 /* 4A.mp3 */ = {isa = PBXFileReference; lastKnownFileType = audio.mp3; path = 4A.mp3; sourceTree = "<group>"; };
		3C2868D71E942C0600FE51B2 /* 4As.mp3 */ = {isa = PBXFileReference; lastKnownFileType = audio.mp3; path = 4As.mp3; sourceTree = "<group>"; };
		3C2868D81E942C0600FE51B2 /* 4B.mp3 */ = {isa = PBXFileReference; lastKnownFileType = audio.mp3; path = 4B.mp3; sourceTree = "<group>"; };
		3C2868D91E942C0600FE51B2 /* 4C.mp3 */ = {isa = PBXFileReference; lastKnownFileType = audio.mp3; path = 4C.mp3; sourceTree = "<group>"; };
		3C2868DA1E942C0600FE51B2 /* 4Cs.mp3 */ = {isa = PBXFileReference; lastKnownFileType = audio.mp3; path = 4Cs.mp3; sourceTree = "<group>"; };
		3C2868DB1E942C0600FE51B2 /* 4D.mp3 */ = {isa = PBXFileReference; lastKnownFileType = audio.mp3; path = 4D.mp3; sourceTree = "<group>"; };
		3C2868DC1E942C0600FE51B2 /* 4Ds.mp3 */ = {isa = PBXFileReference; lastKnownFileType = audio.mp3; path = 4Ds.mp3; sourceTree = "<group>"; };
		3C2868DD1E942C0600FE51B2 /* 4E.mp3 */ = {isa = PBXFileReference; lastKnownFileType = audio.mp3; path = 4E.mp3; sourceTree = "<group>"; };
		3C2868DE1E942C0600FE51B2 /* 4F.mp3 */ = {isa = PBXFileReference; lastKnownFileType = audio.mp3; path = 4F.mp3; sourceTree = "<group>"; };
		3C2868DF1E942C0600FE51B2 /* 4Fs.mp3 */ = {isa = PBXFileReference; lastKnownFileType = audio.mp3; path = 4Fs.mp3; sourceTree = "<group>"; };
		3C2868E01E942C0600FE51B2 /* 4G.mp3 */ = {isa = PBXFileReference; lastKnownFileType = audio.mp3; path = 4G.mp3; sourceTree = "<group>"; };
		3C2868E11E942C0600FE51B2 /* 4Gs.mp3 */ = {isa = PBXFileReference; lastKnownFileType = audio.mp3; path = 4Gs.mp3; sourceTree = "<group>"; };
		3C2868E21E942C0600FE51B2 /* 5A.mp3 */ = {isa = PBXFileReference; lastKnownFileType = audio.mp3; path = 5A.mp3; sourceTree = "<group>"; };
		3C2868E31E942C0600FE51B2 /* 5As.mp3 */ = {isa = PBXFileReference; lastKnownFileType = audio.mp3; path = 5As.mp3; sourceTree = "<group>"; };
		3C2868E41E942C0600FE51B2 /* 5B.mp3 */ = {isa = PBXFileReference; lastKnownFileType = audio.mp3; path = 5B.mp3; sourceTree = "<group>"; };
		3C2868E51E942C0600FE51B2 /* 5C.mp3 */ = {isa = PBXFileReference; lastKnownFileType = audio.mp3; path = 5C.mp3; sourceTree = "<group>"; };
		3C2868E61E942C0600FE51B2 /* 5Cs.mp3 */ = {isa = PBXFileReference; lastKnownFileType = audio.mp3; path = 5Cs.mp3; sourceTree = "<group>"; };
		3C2868E71E942C0600FE51B2 /* 5D.mp3 */ = {isa = PBXFileReference; lastKnownFileType = audio.mp3; path = 5D.mp3; sourceTree = "<group>"; };
		3C2868E81E942C0600FE51B2 /* 5Ds.mp3 */ = {isa = PBXFileReference; lastKnownFileType = audio.mp3; path = 5Ds.mp3; sourceTree = "<group>"; };
		3C2868E91E942C0600FE51B2 /* 5E.mp3 */ = {isa = PBXFileReference; lastKnownFileType = audio.mp3; path = 5E.mp3; sourceTree = "<group>"; };
		3C2868EA1E942C0600FE51B2 /* 5F.mp3 */ = {isa = PBXFileReference; lastKnownFileType = audio.mp3; path = 5F.mp3; sourceTree = "<group>"; };
		3C2868EB1E942C0600FE51B2 /* 5Fs.mp3 */ = {isa = PBXFileReference; lastKnownFileType = audio.mp3; path = 5Fs.mp3; sourceTree = "<group>"; };
		3C2868EC1E942C0600FE51B2 /* 5G.mp3 */ = {isa = PBXFileReference; lastKnownFileType = audio.mp3; path = 5G.mp3; sourceTree = "<group>"; };
		3C2868ED1E942C0600FE51B2 /* 5Gs.mp3 */ = {isa = PBXFileReference; lastKnownFileType = audio.mp3; path = 5Gs.mp3; sourceTree = "<group>"; };
		3C2868EE1E942C0600FE51B2 /* 6A.mp3 */ = {isa = PBXFileReference; lastKnownFileType = audio.mp3; path = 6A.mp3; sourceTree = "<group>"; };
		3C2868EF1E942C0600FE51B2 /* 6As.mp3 */ = {isa = PBXFileReference; lastKnownFileType = audio.mp3; path = 6As.mp3; sourceTree = "<group>"; };
		3C2868F01E942C0600FE51B2 /* 6B.mp3 */ = {isa = PBXFileReference; lastKnownFileType = audio.mp3; path = 6B.mp3; sourceTree = "<group>"; };
		3C2868F11E942C0600FE51B2 /* 6C.mp3 */ = {isa = PBXFileReference; lastKnownFileType = audio.mp3; path = 6C.mp3; sourceTree = "<group>"; };
		3C2868F21E942C0600FE51B2 /* 6Cs.mp3 */ = {isa = PBXFileReference; lastKnownFileType = audio.mp3; path = 6Cs.mp3; sourceTree = "<group>"; };
		3C2868F31E942C0600FE51B2 /* 6D.mp3 */ = {isa = PBXFileReference; lastKnownFileType = audio.mp3; path = 6D.mp3; sourceTree = "<group>"; };
		3C2868F41E942C0600FE51B2 /* 6Ds.mp3 */ = {isa = PBXFileReference; lastKnownFileType = audio.mp3; path = 6Ds.mp3; sourceTree = "<group>"; };
		3C2868F51E942C0600FE51B2 /* 6E.mp3 */ = {isa = PBXFileReference; lastKnownFileType = audio.mp3; path = 6E.mp3; sourceTree = "<group>"; };
		3C2868F61E942C0600FE51B2 /* 6F.mp3 */ = {isa = PBXFileReference; lastKnownFileType = audio.mp3; path = 6F.mp3; sourceTree = "<group>"; };
		3C2868F71E942C0600FE51B2 /* 6Fs.mp3 */ = {isa = PBXFileReference; lastKnownFileType = audio.mp3; path = 6Fs.mp3; sourceTree = "<group>"; };
		3C2868F81E942C0600FE51B2 /* 6G.mp3 */ = {isa = PBXFileReference; lastKnownFileType = audio.mp3; path = 6G.mp3; sourceTree = "<group>"; };
		3C2868F91E942C0600FE51B2 /* 6Gs.mp3 */ = {isa = PBXFileReference; lastKnownFileType = audio.mp3; path = 6Gs.mp3; sourceTree = "<group>"; };
		3C89CBFE18E826AA005BAAEE /* MainStoryboard_iPhone5.storyboard */ = {isa = PBXFileReference; fileEncoding = 4; lastKnownFileType = file.storyboard; name = MainStoryboard_iPhone5.storyboard; path = ../MainStoryboard_iPhone5.storyboard; sourceTree = "<group>"; };
		3CBC82F118F89E2300C48329 /* UIColor+CrossFade.h */ = {isa = PBXFileReference; fileEncoding = 4; lastKnownFileType = sourcecode.c.h; path = "UIColor+CrossFade.h"; sourceTree = "<group>"; };
		3CBC82F218F89E2300C48329 /* UIColor+CrossFade.m */ = {isa = PBXFileReference; fileEncoding = 4; lastKnownFileType = sourcecode.c.objc; path = "UIColor+CrossFade.m"; sourceTree = "<group>"; };
		3CC70FBD18D7CE050031F46C /* Piano Buttons.app */ = {isa = PBXFileReference; explicitFileType = wrapper.application; includeInIndex = 0; path = "Piano Buttons.app"; sourceTree = BUILT_PRODUCTS_DIR; };
		3CC70FC018D7CE050031F46C /* Foundation.framework */ = {isa = PBXFileReference; lastKnownFileType = wrapper.framework; name = Foundation.framework; path = System/Library/Frameworks/Foundation.framework; sourceTree = SDKROOT; };
		3CC70FC218D7CE050031F46C /* CoreGraphics.framework */ = {isa = PBXFileReference; lastKnownFileType = wrapper.framework; name = CoreGraphics.framework; path = System/Library/Frameworks/CoreGraphics.framework; sourceTree = SDKROOT; };
		3CC70FC418D7CE050031F46C /* UIKit.framework */ = {isa = PBXFileReference; lastKnownFileType = wrapper.framework; name = UIKit.framework; path = System/Library/Frameworks/UIKit.framework; sourceTree = SDKROOT; };
		3CC70FC818D7CE050031F46C /* sounds-Info.plist */ = {isa = PBXFileReference; lastKnownFileType = text.plist.xml; path = "sounds-Info.plist"; sourceTree = "<group>"; };
		3CC70FCA18D7CE050031F46C /* en */ = {isa = PBXFileReference; lastKnownFileType = text.plist.strings; name = en; path = en.lproj/InfoPlist.strings; sourceTree = "<group>"; };
		3CC70FCC18D7CE050031F46C /* main.m */ = {isa = PBXFileReference; lastKnownFileType = sourcecode.c.objc; path = main.m; sourceTree = "<group>"; };
		3CC70FCE18D7CE050031F46C /* sounds-Prefix.pch */ = {isa = PBXFileReference; lastKnownFileType = sourcecode.c.h; path = "sounds-Prefix.pch"; sourceTree = "<group>"; };
		3CC70FCF18D7CE050031F46C /* AppDelegate.h */ = {isa = PBXFileReference; lastKnownFileType = sourcecode.c.h; path = AppDelegate.h; sourceTree = "<group>"; };
		3CC70FD018D7CE050031F46C /* AppDelegate.m */ = {isa = PBXFileReference; lastKnownFileType = sourcecode.c.objc; path = AppDelegate.m; sourceTree = "<group>"; };
		3CC70FD318D7CE050031F46C /* Base */ = {isa = PBXFileReference; lastKnownFileType = file.storyboard; name = Base; path = Base.lproj/MainStoryboard_iPad.storyboard; sourceTree = "<group>"; };
		3CC70FD518D7CE050031F46C /* ViewController.h */ = {isa = PBXFileReference; lastKnownFileType = sourcecode.c.h; path = ViewController.h; sourceTree = "<group>"; };
		3CC70FD618D7CE050031F46C /* ViewController.m */ = {isa = PBXFileReference; lastKnownFileType = sourcecode.c.objc; path = ViewController.m; sourceTree = "<group>"; };
		3CC70FDE18D7CE050031F46C /* soundsTests.xctest */ = {isa = PBXFileReference; explicitFileType = wrapper.cfbundle; includeInIndex = 0; path = soundsTests.xctest; sourceTree = BUILT_PRODUCTS_DIR; };
		3CC70FDF18D7CE050031F46C /* XCTest.framework */ = {isa = PBXFileReference; lastKnownFileType = wrapper.framework; name = XCTest.framework; path = Library/Frameworks/XCTest.framework; sourceTree = DEVELOPER_DIR; };
		3CC70FE718D7CE050031F46C /* soundsTests-Info.plist */ = {isa = PBXFileReference; lastKnownFileType = text.plist.xml; path = "soundsTests-Info.plist"; sourceTree = "<group>"; };
		3CC70FE918D7CE050031F46C /* en */ = {isa = PBXFileReference; lastKnownFileType = text.plist.strings; name = en; path = en.lproj/InfoPlist.strings; sourceTree = "<group>"; };
		3CC70FEB18D7CE050031F46C /* soundsTests.m */ = {isa = PBXFileReference; lastKnownFileType = sourcecode.c.objc; path = soundsTests.m; sourceTree = "<group>"; };
		3CC70FF918D7D1340031F46C /* black.png */ = {isa = PBXFileReference; lastKnownFileType = image.png; path = black.png; sourceTree = "<group>"; };
		3CC70FFA18D7D1340031F46C /* bluey.png */ = {isa = PBXFileReference; lastKnownFileType = image.png; path = bluey.png; sourceTree = "<group>"; };
		3CC70FFB18D7D1340031F46C /* browny.png */ = {isa = PBXFileReference; lastKnownFileType = image.png; path = browny.png; sourceTree = "<group>"; };
		3CC70FFC18D7D1340031F46C /* button.png */ = {isa = PBXFileReference; lastKnownFileType = image.png; path = button.png; sourceTree = "<group>"; };
		3CC70FFD18D7D1340031F46C /* green.png */ = {isa = PBXFileReference; lastKnownFileType = image.png; path = green.png; sourceTree = "<group>"; };
		3CC70FFE18D7D1340031F46C /* grey.png */ = {isa = PBXFileReference; lastKnownFileType = image.png; path = grey.png; sourceTree = "<group>"; };
		3CC70FFF18D7D1340031F46C /* orange.png */ = {isa = PBXFileReference; lastKnownFileType = image.png; path = orange.png; sourceTree = "<group>"; };
		3CC7100018D7D1340031F46C /* purple.png */ = {isa = PBXFileReference; lastKnownFileType = image.png; path = purple.png; sourceTree = "<group>"; };
		3CC7100118D7D1340031F46C /* red.png */ = {isa = PBXFileReference; lastKnownFileType = image.png; path = red.png; sourceTree = "<group>"; };
		3CC7101C18D7DDE50031F46C /* AudioToolbox.framework */ = {isa = PBXFileReference; lastKnownFileType = wrapper.framework; name = AudioToolbox.framework; path = System/Library/Frameworks/AudioToolbox.framework; sourceTree = SDKROOT; };
		3CC7101E18D7DE000031F46C /* AVFoundation.framework */ = {isa = PBXFileReference; lastKnownFileType = wrapper.framework; name = AVFoundation.framework; path = System/Library/Frameworks/AVFoundation.framework; sourceTree = SDKROOT; };
		3CC710F718DA4D770031F46C /* gold.png */ = {isa = PBXFileReference; lastKnownFileType = image.png; path = gold.png; sourceTree = "<group>"; };
		3CC710F918DA4DA90031F46C /* pink.png */ = {isa = PBXFileReference; lastKnownFileType = image.png; path = pink.png; sourceTree = "<group>"; };
		3CC710FA18DA4DA90031F46C /* yellow.png */ = {isa = PBXFileReference; lastKnownFileType = image.png; path = yellow.png; sourceTree = "<group>"; };
		3CCBDA3B18EB6E3000D899D1 /* Images.xcassets */ = {isa = PBXFileReference; lastKnownFileType = folder.assetcatalog; path = Images.xcassets; sourceTree = "<group>"; };
		3CE6EA3218EB726900A054F9 /* Icons.xcassets */ = {isa = PBXFileReference; lastKnownFileType = folder.assetcatalog; path = Icons.xcassets; sourceTree = "<group>"; };
		3CE6EA3618EB7E2500A054F9 /* MainStoryboard_iPhone.storyboard */ = {isa = PBXFileReference; fileEncoding = 4; lastKnownFileType = file.storyboard; path = MainStoryboard_iPhone.storyboard; sourceTree = "<group>"; };
/* End PBXFileReference section */

/* Begin PBXFrameworksBuildPhase section */
		3CC70FBA18D7CE050031F46C /* Frameworks */ = {
			isa = PBXFrameworksBuildPhase;
			buildActionMask = 2147483647;
			files = (
				3CC7101D18D7DDE50031F46C /* AudioToolbox.framework in Frameworks */,
				3CC7101F18D7DE000031F46C /* AVFoundation.framework in Frameworks */,
				3CC70FC318D7CE050031F46C /* CoreGraphics.framework in Frameworks */,
				3C25475518E60EEF00E0D6E7 /* MessageUI.framework in Frameworks */,
				3C25475318E60EE400E0D6E7 /* StoreKit.framework in Frameworks */,
				3C25475718E60F0000E0D6E7 /* SystemConfiguration.framework in Frameworks */,
				3CC70FC518D7CE050031F46C /* UIKit.framework in Frameworks */,
				3CC70FC118D7CE050031F46C /* Foundation.framework in Frameworks */,
			);
			runOnlyForDeploymentPostprocessing = 0;
		};
		3CC70FDB18D7CE050031F46C /* Frameworks */ = {
			isa = PBXFrameworksBuildPhase;
			buildActionMask = 2147483647;
			files = (
				3CC70FE018D7CE050031F46C /* XCTest.framework in Frameworks */,
				3CC70FE218D7CE050031F46C /* UIKit.framework in Frameworks */,
				3CC70FE118D7CE050031F46C /* Foundation.framework in Frameworks */,
			);
			runOnlyForDeploymentPostprocessing = 0;
		};
/* End PBXFrameworksBuildPhase section */

/* Begin PBXGroup section */
		3CC70FB418D7CE050031F46C = {
			isa = PBXGroup;
			children = (
				3CC70FC618D7CE050031F46C /* sounds */,
				3CC70FE518D7CE050031F46C /* soundsTests */,
				3CC70FBF18D7CE050031F46C /* Frameworks */,
				3CC70FBE18D7CE050031F46C /* Products */,
			);
			sourceTree = "<group>";
		};
		3CC70FBE18D7CE050031F46C /* Products */ = {
			isa = PBXGroup;
			children = (
				3CC70FBD18D7CE050031F46C /* Piano Buttons.app */,
				3CC70FDE18D7CE050031F46C /* soundsTests.xctest */,
			);
			name = Products;
			sourceTree = "<group>";
		};
		3CC70FBF18D7CE050031F46C /* Frameworks */ = {
			isa = PBXGroup;
			children = (
				3C25475618E60F0000E0D6E7 /* SystemConfiguration.framework */,
				3C25475418E60EEF00E0D6E7 /* MessageUI.framework */,
				3C25475218E60EE400E0D6E7 /* StoreKit.framework */,
				3CC7101E18D7DE000031F46C /* AVFoundation.framework */,
				3CC7101C18D7DDE50031F46C /* AudioToolbox.framework */,
				3CC70FC018D7CE050031F46C /* Foundation.framework */,
				3CC70FC218D7CE050031F46C /* CoreGraphics.framework */,
				3CC70FC418D7CE050031F46C /* UIKit.framework */,
				3CC70FDF18D7CE050031F46C /* XCTest.framework */,
			);
			name = Frameworks;
			sourceTree = "<group>";
		};
		3CC70FC618D7CE050031F46C /* sounds */ = {
			isa = PBXGroup;
			children = (
				3CBC82F118F89E2300C48329 /* UIColor+CrossFade.h */,
				3CBC82F218F89E2300C48329 /* UIColor+CrossFade.m */,
				3CC70FCF18D7CE050031F46C /* AppDelegate.h */,
				3CC70FD018D7CE050031F46C /* AppDelegate.m */,
				3C89CBFE18E826AA005BAAEE /* MainStoryboard_iPhone5.storyboard */,
				3CE6EA3618EB7E2500A054F9 /* MainStoryboard_iPhone.storyboard */,
				3CC70FD218D7CE050031F46C /* MainStoryboard_iPad.storyboard */,
				3CC70FD518D7CE050031F46C /* ViewController.h */,
				3CC70FD618D7CE050031F46C /* ViewController.m */,
				3CCBDA3B18EB6E3000D899D1 /* Images.xcassets */,
				3CC70FC718D7CE050031F46C /* Supporting Files */,
			);
			path = sounds;
			sourceTree = "<group>";
		};
		3CC70FC718D7CE050031F46C /* Supporting Files */ = {
			isa = PBXGroup;
			children = (
				3CC7113918DA5F9B0031F46C /* icon */,
				3CC7104618DA3F9B0031F46C /* orig */,
				3CC70FF818D7D1340031F46C /* button */,
				3CC70FC818D7CE050031F46C /* sounds-Info.plist */,
				3CC70FC918D7CE050031F46C /* InfoPlist.strings */,
				3CC70FCC18D7CE050031F46C /* main.m */,
				3CC70FCE18D7CE050031F46C /* sounds-Prefix.pch */,
			);
			name = "Supporting Files";
			sourceTree = "<group>";
		};
		3CC70FE518D7CE050031F46C /* soundsTests */ = {
			isa = PBXGroup;
			children = (
				3CC70FEB18D7CE050031F46C /* soundsTests.m */,
				3CC70FE618D7CE050031F46C /* Supporting Files */,
			);
			path = soundsTests;
			sourceTree = "<group>";
		};
		3CC70FE618D7CE050031F46C /* Supporting Files */ = {
			isa = PBXGroup;
			children = (
				3CC70FE718D7CE050031F46C /* soundsTests-Info.plist */,
				3CC70FE818D7CE050031F46C /* InfoPlist.strings */,
			);
			name = "Supporting Files";
			sourceTree = "<group>";
		};
		3CC70FF818D7D1340031F46C /* button */ = {
			isa = PBXGroup;
			children = (
				3CC710F918DA4DA90031F46C /* pink.png */,
				3CC710FA18DA4DA90031F46C /* yellow.png */,
				3CC710F718DA4D770031F46C /* gold.png */,
				3CC70FF918D7D1340031F46C /* black.png */,
				3CC70FFA18D7D1340031F46C /* bluey.png */,
				3CC70FFB18D7D1340031F46C /* browny.png */,
				3CC70FFC18D7D1340031F46C /* button.png */,
				3CC70FFD18D7D1340031F46C /* green.png */,
				3CC70FFE18D7D1340031F46C /* grey.png */,
				3CC70FFF18D7D1340031F46C /* orange.png */,
				3CC7100018D7D1340031F46C /* purple.png */,
				3CC7100118D7D1340031F46C /* red.png */,
			);
			path = button;
			sourceTree = "<group>";
		};
		3CC7104618DA3F9B0031F46C /* orig */ = {
			isa = PBXGroup;
			children = (
				3C2868A61E942C0600FE51B2 /* 0A.mp3 */,
				3C2868A71E942C0600FE51B2 /* 0As.mp3 */,
				3C2868A81E942C0600FE51B2 /* 0B.mp3 */,
				3C2868A91E942C0600FE51B2 /* 0C.mp3 */,
				3C2868AA1E942C0600FE51B2 /* 0Cs.mp3 */,
				3C2868AB1E942C0600FE51B2 /* 0D.mp3 */,
				3C2868AC1E942C0600FE51B2 /* 0Ds.mp3 */,
				3C2868AD1E942C0600FE51B2 /* 0E.mp3 */,
				3C2868AE1E942C0600FE51B2 /* 0F.mp3 */,
				3C2868AF1E942C0600FE51B2 /* 0Fs.mp3 */,
				3C2868B01E942C0600FE51B2 /* 0G.mp3 */,
				3C2868B11E942C0600FE51B2 /* 0Gs.mp3 */,
				3C2868B21E942C0600FE51B2 /* 1A.mp3 */,
				3C2868B31E942C0600FE51B2 /* 1As.mp3 */,
				3C2868B41E942C0600FE51B2 /* 1B.mp3 */,
				3C2868B51E942C0600FE51B2 /* 1C.mp3 */,
				3C2868B61E942C0600FE51B2 /* 1Cs.mp3 */,
				3C2868B71E942C0600FE51B2 /* 1D.mp3 */,
				3C2868B81E942C0600FE51B2 /* 1Ds.mp3 */,
				3C2868B91E942C0600FE51B2 /* 1E.mp3 */,
				3C2868BA1E942C0600FE51B2 /* 1F.mp3 */,
				3C2868BB1E942C0600FE51B2 /* 1Fs.mp3 */,
				3C2868BC1E942C0600FE51B2 /* 1G.mp3 */,
				3C2868BD1E942C0600FE51B2 /* 1Gs.mp3 */,
				3C2868BE1E942C0600FE51B2 /* 2A.mp3 */,
				3C2868BF1E942C0600FE51B2 /* 2As.mp3 */,
				3C2868C01E942C0600FE51B2 /* 2B.mp3 */,
				3C2868C11E942C0600FE51B2 /* 2C.mp3 */,
				3C2868C21E942C0600FE51B2 /* 2Cs.mp3 */,
				3C2868C31E942C0600FE51B2 /* 2D.mp3 */,
				3C2868C41E942C0600FE51B2 /* 2Ds.mp3 */,
				3C2868C51E942C0600FE51B2 /* 2E.mp3 */,
				3C2868C61E942C0600FE51B2 /* 2F.mp3 */,
				3C2868C71E942C0600FE51B2 /* 2Fs.mp3 */,
				3C2868C81E942C0600FE51B2 /* 2G.mp3 */,
				3C2868C91E942C0600FE51B2 /* 2Gs.mp3 */,
				3C2868CA1E942C0600FE51B2 /* 3A.mp3 */,
				3C2868CB1E942C0600FE51B2 /* 3As.mp3 */,
				3C2868CC1E942C0600FE51B2 /* 3B.mp3 */,
				3C2868CD1E942C0600FE51B2 /* 3C.mp3 */,
				3C2868CE1E942C0600FE51B2 /* 3Cs.mp3 */,
				3C2868CF1E942C0600FE51B2 /* 3D.mp3 */,
				3C2868D01E942C0600FE51B2 /* 3Ds.mp3 */,
				3C2868D11E942C0600FE51B2 /* 3E.mp3 */,
				3C2868D21E942C0600FE51B2 /* 3F.mp3 */,
				3C2868D31E942C0600FE51B2 /* 3Fs.mp3 */,
				3C2868D41E942C0600FE51B2 /* 3G.mp3 */,
				3C2868D51E942C0600FE51B2 /* 3Gs.mp3 */,
				3C2868D61E942C0600FE51B2 /* 4A.mp3 */,
				3C2868D71E942C0600FE51B2 /* 4As.mp3 */,
				3C2868D81E942C0600FE51B2 /* 4B.mp3 */,
				3C2868D91E942C0600FE51B2 /* 4C.mp3 */,
				3C2868DA1E942C0600FE51B2 /* 4Cs.mp3 */,
				3C2868DB1E942C0600FE51B2 /* 4D.mp3 */,
				3C2868DC1E942C0600FE51B2 /* 4Ds.mp3 */,
				3C2868DD1E942C0600FE51B2 /* 4E.mp3 */,
				3C2868DE1E942C0600FE51B2 /* 4F.mp3 */,
				3C2868DF1E942C0600FE51B2 /* 4Fs.mp3 */,
				3C2868E01E942C0600FE51B2 /* 4G.mp3 */,
				3C2868E11E942C0600FE51B2 /* 4Gs.mp3 */,
				3C2868E21E942C0600FE51B2 /* 5A.mp3 */,
				3C2868E31E942C0600FE51B2 /* 5As.mp3 */,
				3C2868E41E942C0600FE51B2 /* 5B.mp3 */,
				3C2868E51E942C0600FE51B2 /* 5C.mp3 */,
				3C2868E61E942C0600FE51B2 /* 5Cs.mp3 */,
				3C2868E71E942C0600FE51B2 /* 5D.mp3 */,
				3C2868E81E942C0600FE51B2 /* 5Ds.mp3 */,
				3C2868E91E942C0600FE51B2 /* 5E.mp3 */,
				3C2868EA1E942C0600FE51B2 /* 5F.mp3 */,
				3C2868EB1E942C0600FE51B2 /* 5Fs.mp3 */,
				3C2868EC1E942C0600FE51B2 /* 5G.mp3 */,
				3C2868ED1E942C0600FE51B2 /* 5Gs.mp3 */,
				3C2868EE1E942C0600FE51B2 /* 6A.mp3 */,
				3C2868EF1E942C0600FE51B2 /* 6As.mp3 */,
				3C2868F01E942C0600FE51B2 /* 6B.mp3 */,
				3C2868F11E942C0600FE51B2 /* 6C.mp3 */,
				3C2868F21E942C0600FE51B2 /* 6Cs.mp3 */,
				3C2868F31E942C0600FE51B2 /* 6D.mp3 */,
				3C2868F41E942C0600FE51B2 /* 6Ds.mp3 */,
				3C2868F51E942C0600FE51B2 /* 6E.mp3 */,
				3C2868F61E942C0600FE51B2 /* 6F.mp3 */,
				3C2868F71E942C0600FE51B2 /* 6Fs.mp3 */,
				3C2868F81E942C0600FE51B2 /* 6G.mp3 */,
				3C2868F91E942C0600FE51B2 /* 6Gs.mp3 */,
			);
			name = orig;
			path = ../orig;
			sourceTree = "<group>";
		};
		3CC7113918DA5F9B0031F46C /* icon */ = {
			isa = PBXGroup;
			children = (
				3CE6EA3218EB726900A054F9 /* Icons.xcassets */,
			);
			name = icon;
			path = ../icon;
			sourceTree = "<group>";
		};
/* End PBXGroup section */

/* Begin PBXNativeTarget section */
		3CC70FBC18D7CE050031F46C /* sounds */ = {
			isa = PBXNativeTarget;
			buildConfigurationList = 3CC70FEF18D7CE050031F46C /* Build configuration list for PBXNativeTarget "sounds" */;
			buildPhases = (
				3CC70FB918D7CE050031F46C /* Sources */,
				3CC70FBA18D7CE050031F46C /* Frameworks */,
				3CC70FBB18D7CE050031F46C /* Resources */,
			);
			buildRules = (
			);
			dependencies = (
			);
			name = sounds;
			productName = sounds;
			productReference = 3CC70FBD18D7CE050031F46C /* Piano Buttons.app */;
			productType = "com.apple.product-type.application";
		};
		3CC70FDD18D7CE050031F46C /* soundsTests */ = {
			isa = PBXNativeTarget;
			buildConfigurationList = 3CC70FF218D7CE050031F46C /* Build configuration list for PBXNativeTarget "soundsTests" */;
			buildPhases = (
				3CC70FDA18D7CE050031F46C /* Sources */,
				3CC70FDB18D7CE050031F46C /* Frameworks */,
				3CC70FDC18D7CE050031F46C /* Resources */,
			);
			buildRules = (
			);
			dependencies = (
				3CC70FE418D7CE050031F46C /* PBXTargetDependency */,
			);
			name = soundsTests;
			productName = soundsTests;
			productReference = 3CC70FDE18D7CE050031F46C /* soundsTests.xctest */;
			productType = "com.apple.product-type.bundle.unit-test";
		};
/* End PBXNativeTarget section */

/* Begin PBXProject section */
		3CC70FB518D7CE050031F46C /* Project object */ = {
			isa = PBXProject;
			attributes = {
				LastUpgradeCheck = 0510;
				ORGANIZATIONNAME = "Luke Sadler";
				TargetAttributes = {
					3CC70FBC18D7CE050031F46C = {
						DevelopmentTeam = F9ZXT3C227;
					};
					3CC70FDD18D7CE050031F46C = {
						TestTargetID = 3CC70FBC18D7CE050031F46C;
					};
				};
			};
			buildConfigurationList = 3CC70FB818D7CE050031F46C /* Build configuration list for PBXProject "sounds" */;
			compatibilityVersion = "Xcode 3.2";
			developmentRegion = English;
			hasScannedForEncodings = 0;
			knownRegions = (
				en,
				Base,
			);
			mainGroup = 3CC70FB418D7CE050031F46C;
			productRefGroup = 3CC70FBE18D7CE050031F46C /* Products */;
			projectDirPath = "";
			projectRoot = "";
			targets = (
				3CC70FBC18D7CE050031F46C /* sounds */,
				3CC70FDD18D7CE050031F46C /* soundsTests */,
			);
		};
/* End PBXProject section */

/* Begin PBXResourcesBuildPhase section */
		3CC70FBB18D7CE050031F46C /* Resources */ = {
			isa = PBXResourcesBuildPhase;
			buildActionMask = 2147483647;
			files = (
				3C2869141E942C0600FE51B2 /* 2B.mp3 in Resources */,
				3C28691B1E942C0600FE51B2 /* 2Fs.mp3 in Resources */,
				3C2869191E942C0600FE51B2 /* 2E.mp3 in Resources */,
				3C28692C1E942C0600FE51B2 /* 4B.mp3 in Resources */,
				3C2869281E942C0600FE51B2 /* 3G.mp3 in Resources */,
				3C2869001E942C0600FE51B2 /* 0Ds.mp3 in Resources */,
				3C2869311E942C0600FE51B2 /* 4E.mp3 in Resources */,
				3C2869011E942C0600FE51B2 /* 0E.mp3 in Resources */,
				3C28694C1E942C0600FE51B2 /* 6G.mp3 in Resources */,
				3C2869081E942C0600FE51B2 /* 1B.mp3 in Resources */,
				3C2869051E942C0600FE51B2 /* 0Gs.mp3 in Resources */,
				3CE6EA3718EB7E2500A054F9 /* MainStoryboard_iPhone.storyboard in Resources */,
				3C2869061E942C0600FE51B2 /* 1A.mp3 in Resources */,
				3C2869261E942C0600FE51B2 /* 3F.mp3 in Resources */,
				3C28691F1E942C0600FE51B2 /* 3As.mp3 in Resources */,
				3C2869271E942C0600FE51B2 /* 3Fs.mp3 in Resources */,
				3C28692B1E942C0600FE51B2 /* 4As.mp3 in Resources */,
				3C2869041E942C0600FE51B2 /* 0G.mp3 in Resources */,
				3C89CBFF18E826AA005BAAEE /* MainStoryboard_iPhone5.storyboard in Resources */,
				3C2869201E942C0600FE51B2 /* 3B.mp3 in Resources */,
				3CC710F818DA4D770031F46C /* gold.png in Resources */,
				3C2869021E942C0600FE51B2 /* 0F.mp3 in Resources */,
				3C28692D1E942C0600FE51B2 /* 4C.mp3 in Resources */,
				3C2869031E942C0600FE51B2 /* 0Fs.mp3 in Resources */,
				3C2869211E942C0600FE51B2 /* 3C.mp3 in Resources */,
				3CC7100918D7D1340031F46C /* purple.png in Resources */,
				3CC7100518D7D1340031F46C /* button.png in Resources */,
				3C28693F1E942C0600FE51B2 /* 5Fs.mp3 in Resources */,
				3C28690B1E942C0600FE51B2 /* 1D.mp3 in Resources */,
				3C28691D1E942C0600FE51B2 /* 2Gs.mp3 in Resources */,
				3C28693D1E942C0600FE51B2 /* 5E.mp3 in Resources */,
				3C2868FE1E942C0600FE51B2 /* 0Cs.mp3 in Resources */,
				3C2869431E942C0600FE51B2 /* 6As.mp3 in Resources */,
				3C2869101E942C0600FE51B2 /* 1G.mp3 in Resources */,
				3C2868FA1E942C0600FE51B2 /* 0A.mp3 in Resources */,
				3C28690F1E942C0600FE51B2 /* 1Fs.mp3 in Resources */,
				3C28693A1E942C0600FE51B2 /* 5Cs.mp3 in Resources */,
				3CC7100718D7D1340031F46C /* grey.png in Resources */,
				3C2869461E942C0600FE51B2 /* 6Cs.mp3 in Resources */,
				3C2869391E942C0600FE51B2 /* 5C.mp3 in Resources */,
				3C2869371E942C0600FE51B2 /* 5As.mp3 in Resources */,
				3C2869381E942C0600FE51B2 /* 5B.mp3 in Resources */,
				3C28690D1E942C0600FE51B2 /* 1E.mp3 in Resources */,
				3CC7100818D7D1340031F46C /* orange.png in Resources */,
				3C2869331E942C0600FE51B2 /* 4Fs.mp3 in Resources */,
				3C2868FC1E942C0600FE51B2 /* 0B.mp3 in Resources */,
				3CE6EA3318EB726900A054F9 /* Icons.xcassets in Resources */,
				3CC7100318D7D1340031F46C /* bluey.png in Resources */,
				3C2869251E942C0600FE51B2 /* 3E.mp3 in Resources */,
				3C28693B1E942C0600FE51B2 /* 5D.mp3 in Resources */,
				3C2869111E942C0600FE51B2 /* 1Gs.mp3 in Resources */,
				3C28691C1E942C0600FE51B2 /* 2G.mp3 in Resources */,
				3CC7100418D7D1340031F46C /* browny.png in Resources */,
				3C2869221E942C0600FE51B2 /* 3Cs.mp3 in Resources */,
				3C28690E1E942C0600FE51B2 /* 1F.mp3 in Resources */,
				3C2869091E942C0600FE51B2 /* 1C.mp3 in Resources */,
				3C2869171E942C0600FE51B2 /* 2D.mp3 in Resources */,
				3C28690C1E942C0600FE51B2 /* 1Ds.mp3 in Resources */,
				3C2869441E942C0600FE51B2 /* 6B.mp3 in Resources */,
				3C28692F1E942C0600FE51B2 /* 4D.mp3 in Resources */,
				3C2869451E942C0600FE51B2 /* 6C.mp3 in Resources */,
				3C28692A1E942C0600FE51B2 /* 4A.mp3 in Resources */,
				3C2868FD1E942C0600FE51B2 /* 0C.mp3 in Resources */,
				3C2869231E942C0600FE51B2 /* 3D.mp3 in Resources */,
				3CC710FC18DA4DA90031F46C /* yellow.png in Resources */,
				3C28691A1E942C0600FE51B2 /* 2F.mp3 in Resources */,
				3C28694B1E942C0600FE51B2 /* 6Fs.mp3 in Resources */,
				3C2869421E942C0600FE51B2 /* 6A.mp3 in Resources */,
				3C2869071E942C0600FE51B2 /* 1As.mp3 in Resources */,
				3C28690A1E942C0600FE51B2 /* 1Cs.mp3 in Resources */,
				3C2869291E942C0600FE51B2 /* 3Gs.mp3 in Resources */,
				3C2869361E942C0600FE51B2 /* 5A.mp3 in Resources */,
				3C28694A1E942C0600FE51B2 /* 6F.mp3 in Resources */,
				3C28694D1E942C0600FE51B2 /* 6Gs.mp3 in Resources */,
				3C2869321E942C0600FE51B2 /* 4F.mp3 in Resources */,
				3C2869351E942C0600FE51B2 /* 4Gs.mp3 in Resources */,
				3CC7100218D7D1340031F46C /* black.png in Resources */,
				3C2869411E942C0600FE51B2 /* 5Gs.mp3 in Resources */,
				3C28691E1E942C0600FE51B2 /* 3A.mp3 in Resources */,
				3C2869491E942C0600FE51B2 /* 6E.mp3 in Resources */,
				3C2868FF1E942C0600FE51B2 /* 0D.mp3 in Resources */,
				3C2869241E942C0600FE51B2 /* 3Ds.mp3 in Resources */,
				3C2869341E942C0600FE51B2 /* 4G.mp3 in Resources */,
				3C2869161E942C0600FE51B2 /* 2Cs.mp3 in Resources */,
				3C2869471E942C0600FE51B2 /* 6D.mp3 in Resources */,
				3CC7100618D7D1340031F46C /* green.png in Resources */,
				3CC7100A18D7D1340031F46C /* red.png in Resources */,
				3C2869121E942C0600FE51B2 /* 2A.mp3 in Resources */,
				3CC70FCB18D7CE050031F46C /* InfoPlist.strings in Resources */,
				3C28693C1E942C0600FE51B2 /* 5Ds.mp3 in Resources */,
				3C2869181E942C0600FE51B2 /* 2Ds.mp3 in Resources */,
				3C28692E1E942C0600FE51B2 /* 4Cs.mp3 in Resources */,
				3C2869301E942C0600FE51B2 /* 4Ds.mp3 in Resources */,
				3C2869131E942C0600FE51B2 /* 2As.mp3 in Resources */,
				3CCBDA3C18EB6E3000D899D1 /* Images.xcassets in Resources */,
				3CC710FB18DA4DA90031F46C /* pink.png in Resources */,
				3C2869481E942C0600FE51B2 /* 6Ds.mp3 in Resources */,
				3CC70FD418D7CE050031F46C /* MainStoryboard_iPad.storyboard in Resources */,
				3C2869151E942C0600FE51B2 /* 2C.mp3 in Resources */,
				3C2869401E942C0600FE51B2 /* 5G.mp3 in Resources */,
				3C2868FB1E942C0600FE51B2 /* 0As.mp3 in Resources */,
				3C28693E1E942C0600FE51B2 /* 5F.mp3 in Resources */,
			);
			runOnlyForDeploymentPostprocessing = 0;
		};
		3CC70FDC18D7CE050031F46C /* Resources */ = {
			isa = PBXResourcesBuildPhase;
			buildActionMask = 2147483647;
			files = (
				3CC70FEA18D7CE050031F46C /* InfoPlist.strings in Resources */,
			);
			runOnlyForDeploymentPostprocessing = 0;
		};
/* End PBXResourcesBuildPhase section */

/* Begin PBXSourcesBuildPhase section */
		3CC70FB918D7CE050031F46C /* Sources */ = {
			isa = PBXSourcesBuildPhase;
			buildActionMask = 2147483647;
			files = (
				3CC70FD718D7CE050031F46C /* ViewController.m in Sources */,
				3CC70FD118D7CE050031F46C /* AppDelegate.m in Sources */,
				3CC70FCD18D7CE050031F46C /* main.m in Sources */,
				3CBC82F318F89E2300C48329 /* UIColor+CrossFade.m in Sources */,
			);
			runOnlyForDeploymentPostprocessing = 0;
		};
		3CC70FDA18D7CE050031F46C /* Sources */ = {
			isa = PBXSourcesBuildPhase;
			buildActionMask = 2147483647;
			files = (
				3CC70FEC18D7CE050031F46C /* soundsTests.m in Sources */,
			);
			runOnlyForDeploymentPostprocessing = 0;
		};
/* End PBXSourcesBuildPhase section */

/* Begin PBXTargetDependency section */
		3CC70FE418D7CE050031F46C /* PBXTargetDependency */ = {
			isa = PBXTargetDependency;
			target = 3CC70FBC18D7CE050031F46C /* sounds */;
			targetProxy = 3CC70FE318D7CE050031F46C /* PBXContainerItemProxy */;
		};
/* End PBXTargetDependency section */

/* Begin PBXVariantGroup section */
		3CC70FC918D7CE050031F46C /* InfoPlist.strings */ = {
			isa = PBXVariantGroup;
			children = (
				3CC70FCA18D7CE050031F46C /* en */,
			);
			name = InfoPlist.strings;
			sourceTree = "<group>";
		};
		3CC70FD218D7CE050031F46C /* MainStoryboard_iPad.storyboard */ = {
			isa = PBXVariantGroup;
			children = (
				3CC70FD318D7CE050031F46C /* Base */,
			);
			name = MainStoryboard_iPad.storyboard;
			sourceTree = "<group>";
		};
		3CC70FE818D7CE050031F46C /* InfoPlist.strings */ = {
			isa = PBXVariantGroup;
			children = (
				3CC70FE918D7CE050031F46C /* en */,
			);
			name = InfoPlist.strings;
			sourceTree = "<group>";
		};
/* End PBXVariantGroup section */

/* Begin XCBuildConfiguration section */
		3CC70FED18D7CE050031F46C /* Debug */ = {
			isa = XCBuildConfiguration;
			buildSettings = {
				ALWAYS_SEARCH_USER_PATHS = NO;
				CLANG_CXX_LANGUAGE_STANDARD = "gnu++0x";
				CLANG_CXX_LIBRARY = "libc++";
				CLANG_ENABLE_MODULES = YES;
				CLANG_ENABLE_OBJC_ARC = YES;
				CLANG_WARN_BOOL_CONVERSION = YES;
				CLANG_WARN_CONSTANT_CONVERSION = YES;
				CLANG_WARN_DIRECT_OBJC_ISA_USAGE = YES_ERROR;
				CLANG_WARN_EMPTY_BODY = YES;
				CLANG_WARN_ENUM_CONVERSION = YES;
				CLANG_WARN_INT_CONVERSION = YES;
				CLANG_WARN_OBJC_ROOT_CLASS = YES_ERROR;
				CLANG_WARN__DUPLICATE_METHOD_MATCH = YES;
				"CODE_SIGN_IDENTITY[sdk=iphoneos*]" = "iPhone Developer";
				COPY_PHASE_STRIP = NO;
				GCC_C_LANGUAGE_STANDARD = gnu99;
				GCC_DYNAMIC_NO_PIC = NO;
				GCC_OPTIMIZATION_LEVEL = 0;
				GCC_PREPROCESSOR_DEFINITIONS = (
					"DEBUG=1",
					"$(inherited)",
				);
				GCC_SYMBOLS_PRIVATE_EXTERN = NO;
				GCC_WARN_64_TO_32_BIT_CONVERSION = YES;
				GCC_WARN_ABOUT_RETURN_TYPE = YES_ERROR;
				GCC_WARN_UNDECLARED_SELECTOR = YES;
				GCC_WARN_UNINITIALIZED_AUTOS = YES_AGGRESSIVE;
				GCC_WARN_UNUSED_FUNCTION = YES;
				GCC_WARN_UNUSED_VARIABLE = YES;
				IPHONEOS_DEPLOYMENT_TARGET = 7.1;
				ONLY_ACTIVE_ARCH = YES;
				SDKROOT = iphoneos;
				TARGETED_DEVICE_FAMILY = 2;
			};
			name = Debug;
		};
		3CC70FEE18D7CE050031F46C /* Release */ = {
			isa = XCBuildConfiguration;
			buildSettings = {
				ALWAYS_SEARCH_USER_PATHS = NO;
				CLANG_CXX_LANGUAGE_STANDARD = "gnu++0x";
				CLANG_CXX_LIBRARY = "libc++";
				CLANG_ENABLE_MODULES = YES;
				CLANG_ENABLE_OBJC_ARC = YES;
				CLANG_WARN_BOOL_CONVERSION = YES;
				CLANG_WARN_CONSTANT_CONVERSION = YES;
				CLANG_WARN_DIRECT_OBJC_ISA_USAGE = YES_ERROR;
				CLANG_WARN_EMPTY_BODY = YES;
				CLANG_WARN_ENUM_CONVERSION = YES;
				CLANG_WARN_INT_CONVERSION = YES;
				CLANG_WARN_OBJC_ROOT_CLASS = YES_ERROR;
				CLANG_WARN__DUPLICATE_METHOD_MATCH = YES;
				"CODE_SIGN_IDENTITY[sdk=iphoneos*]" = "iPhone Developer";
				COPY_PHASE_STRIP = YES;
				ENABLE_NS_ASSERTIONS = NO;
				GCC_C_LANGUAGE_STANDARD = gnu99;
				GCC_WARN_64_TO_32_BIT_CONVERSION = YES;
				GCC_WARN_ABOUT_RETURN_TYPE = YES_ERROR;
				GCC_WARN_UNDECLARED_SELECTOR = YES;
				GCC_WARN_UNINITIALIZED_AUTOS = YES_AGGRESSIVE;
				GCC_WARN_UNUSED_FUNCTION = YES;
				GCC_WARN_UNUSED_VARIABLE = YES;
				IPHONEOS_DEPLOYMENT_TARGET = 7.1;
				SDKROOT = iphoneos;
				TARGETED_DEVICE_FAMILY = 2;
				VALIDATE_PRODUCT = YES;
			};
			name = Release;
		};
		3CC70FF018D7CE050031F46C /* Debug */ = {
			isa = XCBuildConfiguration;
			buildSettings = {
				ASSETCATALOG_COMPILER_APPICON_NAME = AppIcon;
				ASSETCATALOG_COMPILER_LAUNCHIMAGE_NAME = "LaunchImage-2";
				CODE_SIGN_IDENTITY = "iPhone Developer";
				DEVELOPMENT_TEAM = F9ZXT3C227;
				GCC_PRECOMPILE_PREFIX_HEADER = YES;
				GCC_PREFIX_HEADER = "sounds/sounds-Prefix.pch";
				INFOPLIST_FILE = "sounds/sounds-Info.plist";
				IPHONEOS_DEPLOYMENT_TARGET = 9.0;
				LIBRARY_SEARCH_PATHS = (
					"$(inherited)",
					"$(PROJECT_DIR)/sounds/GoogleAdMobAdsSdkiOS-6.8.0/Add-ons/GoogleAnalyticsServicesiOS_3.03",
					"$(PROJECT_DIR)/sounds/GoogleAdMobAdsSdkiOS-6.8.0",
				);
				OTHER_LDFLAGS = "-ObjC";
				PRODUCT_NAME = "Piano Buttons";
				TARGETED_DEVICE_FAMILY = "1,2";
				WRAPPER_EXTENSION = app;
			};
			name = Debug;
		};
		3CC70FF118D7CE050031F46C /* Release */ = {
			isa = XCBuildConfiguration;
			buildSettings = {
				ASSETCATALOG_COMPILER_APPICON_NAME = AppIcon;
				ASSETCATALOG_COMPILER_LAUNCHIMAGE_NAME = "LaunchImage-2";
				CODE_SIGN_IDENTITY = "iPhone Developer";
				DEVELOPMENT_TEAM = F9ZXT3C227;
				GCC_PRECOMPILE_PREFIX_HEADER = YES;
				GCC_PREFIX_HEADER = "sounds/sounds-Prefix.pch";
				INFOPLIST_FILE = "sounds/sounds-Info.plist";
				IPHONEOS_DEPLOYMENT_TARGET = 9.0;
				LIBRARY_SEARCH_PATHS = (
					"$(inherited)",
					"$(PROJECT_DIR)/sounds/GoogleAdMobAdsSdkiOS-6.8.0/Add-ons/GoogleAnalyticsServicesiOS_3.03",
					"$(PROJECT_DIR)/sounds/GoogleAdMobAdsSdkiOS-6.8.0",
				);
				OTHER_LDFLAGS = "-ObjC";
				PRODUCT_NAME = "Piano Buttons";
				TARGETED_DEVICE_FAMILY = "1,2";
				WRAPPER_EXTENSION = app;
			};
			name = Release;
		};
		3CC70FF318D7CE050031F46C /* Debug */ = {
			isa = XCBuildConfiguration;
			buildSettings = {
				BUNDLE_LOADER = "$(BUILT_PRODUCTS_DIR)/sounds.app/sounds";
				FRAMEWORK_SEARCH_PATHS = (
					"$(SDKROOT)/Developer/Library/Frameworks",
					"$(inherited)",
					"$(DEVELOPER_FRAMEWORKS_DIR)",
				);
				GCC_PRECOMPILE_PREFIX_HEADER = YES;
				GCC_PREFIX_HEADER = "sounds/sounds-Prefix.pch";
				GCC_PREPROCESSOR_DEFINITIONS = (
					"DEBUG=1",
					"$(inherited)",
				);
				INFOPLIST_FILE = "soundsTests/soundsTests-Info.plist";
				PRODUCT_NAME = "$(TARGET_NAME)";
				TEST_HOST = "$(BUNDLE_LOADER)";
				WRAPPER_EXTENSION = xctest;
			};
			name = Debug;
		};
		3CC70FF418D7CE050031F46C /* Release */ = {
			isa = XCBuildConfiguration;
			buildSettings = {
				BUNDLE_LOADER = "$(BUILT_PRODUCTS_DIR)/sounds.app/sounds";
				FRAMEWORK_SEARCH_PATHS = (
					"$(SDKROOT)/Developer/Library/Frameworks",
					"$(inherited)",
					"$(DEVELOPER_FRAMEWORKS_DIR)",
				);
				GCC_PRECOMPILE_PREFIX_HEADER = YES;
				GCC_PREFIX_HEADER = "sounds/sounds-Prefix.pch";
				INFOPLIST_FILE = "soundsTests/soundsTests-Info.plist";
				PRODUCT_NAME = "$(TARGET_NAME)";
				TEST_HOST = "$(BUNDLE_LOADER)";
				WRAPPER_EXTENSION = xctest;
			};
			name = Release;
		};
/* End XCBuildConfiguration section */

/* Begin XCConfigurationList section */
		3CC70FB818D7CE050031F46C /* Build configuration list for PBXProject "sounds" */ = {
			isa = XCConfigurationList;
			buildConfigurations = (
				3CC70FED18D7CE050031F46C /* Debug */,
				3CC70FEE18D7CE050031F46C /* Release */,
			);
			defaultConfigurationIsVisible = 0;
			defaultConfigurationName = Release;
		};
		3CC70FEF18D7CE050031F46C /* Build configuration list for PBXNativeTarget "sounds" */ = {
			isa = XCConfigurationList;
			buildConfigurations = (
				3CC70FF018D7CE050031F46C /* Debug */,
				3CC70FF118D7CE050031F46C /* Release */,
			);
			defaultConfigurationIsVisible = 0;
			defaultConfigurationName = Release;
		};
		3CC70FF218D7CE050031F46C /* Build configuration list for PBXNativeTarget "soundsTests" */ = {
			isa = XCConfigurationList;
			buildConfigurations = (
				3CC70FF318D7CE050031F46C /* Debug */,
				3CC70FF418D7CE050031F46C /* Release */,
			);
			defaultConfigurationIsVisible = 0;
			defaultConfigurationName = Release;
		};
/* End XCConfigurationList section */
	};
	rootObject = 3CC70FB518D7CE050031F46C /* Project object */;
}
